
Microsoft Visual Studio Solution File, Format Version 12.00
# Visual Studio 15
VisualStudioVersion = 15.0.26228.9
MinimumVisualStudioVersion = 10.0.40219.1
Project("{FAE04EC0-301F-11D3-BF4B-00C04F79EFBC}") = "Korat-Framework", "Korat-Framework\Korat-Framework.csproj", "{31A5C4DC-9297-4440-AEB7-1E88BEE87134}"
EndProject
Project("{FAE04EC0-301F-11D3-BF4B-00C04F79EFBC}") = "Stub", "Stub\Stub.csproj", "{9971F884-D22B-46F3-B0A7-89AD2F5487A6}"
EndProject
Project("{FAE04EC0-301F-11D3-BF4B-00C04F79EFBC}") = "App", "App\App.csproj", "{C5F1622B-F37E-428C-AC4B-717C875AA93A}"
EndProject
Project("{FAE04EC0-301F-11D3-BF4B-00C04F79EFBC}") = "Builder", "Builder\Builder.csproj", "{A61AB309-1518-4B7C-A361-BC41305E1932}"
EndProject
Global
	GlobalSection(SolutionConfigurationPlatforms) = preSolution
		Debug|Any CPU = Debug|Any CPU
		Release|Any CPU = Release|Any CPU
	EndGlobalSection
	GlobalSection(ProjectConfigurationPlatforms) = postSolution
		{31A5C4DC-9297-4440-AEB7-1E88BEE87134}.Debug|Any CPU.ActiveCfg = Debug|Any CPU
		{31A5C4DC-9297-4440-AEB7-1E88BEE87134}.Debug|Any CPU.Build.0 = Debug|Any CPU
		{31A5C4DC-9297-4440-AEB7-1E88BEE87134}.Release|Any CPU.ActiveCfg = Release|Any CPU
		{31A5C4DC-9297-4440-AEB7-1E88BEE87134}.Release|Any CPU.Build.0 = Release|Any CPU
		{9971F884-D22B-46F3-B0A7-89AD2F5487A6}.Debug|Any CPU.ActiveCfg = Debug|Any CPU
		{9971F884-D22B-46F3-B0A7-89AD2F5487A6}.Debug|Any CPU.Build.0 = Debug|Any CPU
		{9971F884-D22B-46F3-B0A7-89AD2F5487A6}.Release|Any CPU.ActiveCfg = Release|Any CPU
		{9971F884-D22B-46F3-B0A7-89AD2F5487A6}.Release|Any CPU.Build.0 = Release|Any CPU
		{C5F1622B-F37E-428C-AC4B-717C875AA93A}.Debug|Any CPU.ActiveCfg = Debug|Any CPU
		{C5F1622B-F37E-428C-AC4B-717C875AA93A}.Debug|Any CPU.Build.0 = Debug|Any CPU
		{C5F1622B-F37E-428C-AC4B-717C875AA93A}.Release|Any CPU.ActiveCfg = Release|Any CPU
		{C5F1622B-F37E-428C-AC4B-717C875AA93A}.Release|Any CPU.Build.0 = Release|Any CPU
		{A61AB309-1518-4B7C-A361-BC41305E1932}.Debug|Any CPU.ActiveCfg = Debug|Any CPU
		{A61AB309-1518-4B7C-A361-BC41305E1932}.Debug|Any CPU.Build.0 = Debug|Any CPU
		{A61AB309-1518-4B7C-A361-BC41305E1932}.Release|Any CPU.ActiveCfg = Release|Any CPU
		{A61AB309-1518-4B7C-A361-BC41305E1932}.Release|Any CPU.Build.0 = Release|Any CPU
	EndGlobalSection
	GlobalSection(SolutionProperties) = preSolution
		HideSolutionNode = FALSE
	EndGlobalSection
EndGlobal
